
Microsoft Visual Studio Solution File, Format Version 12.00
# Visual Studio Version 16
VisualStudioVersion = 16.0.31313.79
MinimumVisualStudioVersion = 10.0.40219.1
Project("{FAE04EC0-301F-11D3-BF4B-00C04F79EFBC}") = "DayFour", "DayFour\DayFour.csproj", "{55B5540C-30CA-42BF-AEA5-71330CA7D5F8}"
EndProject
Project("{FAE04EC0-301F-11D3-BF4B-00C04F79EFBC}") = "utils", "utils\utils.csproj", "{36556AC1-0DA1-4FF4-8527-FF3D837B189B}"
EndProject
Global
	GlobalSection(SolutionConfigurationPlatforms) = preSolution
		Debug|Any CPU = Debug|Any CPU
		Release|Any CPU = Release|Any CPU
	EndGlobalSection
	GlobalSection(ProjectConfigurationPlatforms) = postSolution
		{55B5540C-30CA-42BF-AEA5-71330CA7D5F8}.Debug|Any CPU.ActiveCfg = Debug|Any CPU
		{55B5540C-30CA-42BF-AEA5-71330CA7D5F8}.Debug|Any CPU.Build.0 = Debug|Any CPU
		{55B5540C-30CA-42BF-AEA5-71330CA7D5F8}.Release|Any CPU.ActiveCfg = Release|Any CPU
		{55B5540C-30CA-42BF-AEA5-71330CA7D5F8}.Release|Any CPU.Build.0 = Release|Any CPU
		{36556AC1-0DA1-4FF4-8527-FF3D837B189B}.Debug|Any CPU.ActiveCfg = Debug|Any CPU
		{36556AC1-0DA1-4FF4-8527-FF3D837B189B}.Debug|Any CPU.Build.0 = Debug|Any CPU
		{36556AC1-0DA1-4FF4-8527-FF3D837B189B}.Release|Any CPU.ActiveCfg = Release|Any CPU
		{36556AC1-0DA1-4FF4-8527-FF3D837B189B}.Release|Any CPU.Build.0 = Release|Any CPU
	EndGlobalSection
	GlobalSection(SolutionProperties) = preSolution
		HideSolutionNode = FALSE
	EndGlobalSection
	GlobalSection(ExtensibilityGlobals) = postSolution
		SolutionGuid = {B22F7ECF-7805-4705-BE81-1C52661B68C9}
	EndGlobalSection
EndGlobal
