
Microsoft Visual Studio Solution File, Format Version 12.00
# Visual Studio Version 16
VisualStudioVersion = 16.0.31313.79
MinimumVisualStudioVersion = 10.0.40219.1
Project("{FAE04EC0-301F-11D3-BF4B-00C04F79EFBC}") = "DayThree", "DayThree\DayThree.csproj", "{2C8C247F-9583-440A-B9BA-6D0323117EBF}"
EndProject
Global
	GlobalSection(SolutionConfigurationPlatforms) = preSolution
		Debug|Any CPU = Debug|Any CPU
		Release|Any CPU = Release|Any CPU
	EndGlobalSection
	GlobalSection(ProjectConfigurationPlatforms) = postSolution
		{2C8C247F-9583-440A-B9BA-6D0323117EBF}.Debug|Any CPU.ActiveCfg = Debug|Any CPU
		{2C8C247F-9583-440A-B9BA-6D0323117EBF}.Debug|Any CPU.Build.0 = Debug|Any CPU
		{2C8C247F-9583-440A-B9BA-6D0323117EBF}.Release|Any CPU.ActiveCfg = Release|Any CPU
		{2C8C247F-9583-440A-B9BA-6D0323117EBF}.Release|Any CPU.Build.0 = Release|Any CPU
	EndGlobalSection
	GlobalSection(SolutionProperties) = preSolution
		HideSolutionNode = FALSE
	EndGlobalSection
	GlobalSection(ExtensibilityGlobals) = postSolution
		SolutionGuid = {2905DAC3-B754-4CE1-B18E-E4B1D7406C0E}
	EndGlobalSection
EndGlobal
